
Microsoft Visual Studio Solution File, Format Version 12.00
# Visual Studio 15
VisualStudioVersion = 15.0.28307.539
MinimumVisualStudioVersion = 10.0.40219.1
Project("{FAE04EC0-301F-11D3-BF4B-00C04F79EFBC}") = "Orienteering-LR-Desktop", "Orienteering-LR-Desktop\Orienteering-LR-Desktop.csproj", "{0B1F8086-7756-4B18-90EE-B0657B3BB1BF}"
EndProject
Project("{9092AA53-FB77-4645-B42D-1CCCA6BD08BD}") = "Orienteering-LR-Local-Web-App", "Orienteering-LR-Local-Web-App\Orienteering-LR-Local-Web-App.njsproj", "{CC2AB670-5D51-4795-9D49-9F428198F82B}"
EndProject
Global
	GlobalSection(SolutionConfigurationPlatforms) = preSolution
		Debug|Any CPU = Debug|Any CPU
		Release|Any CPU = Release|Any CPU
	EndGlobalSection
	GlobalSection(ProjectConfigurationPlatforms) = postSolution
		{0B1F8086-7756-4B18-90EE-B0657B3BB1BF}.Debug|Any CPU.ActiveCfg = Debug|Any CPU
		{0B1F8086-7756-4B18-90EE-B0657B3BB1BF}.Debug|Any CPU.Build.0 = Debug|Any CPU
		{0B1F8086-7756-4B18-90EE-B0657B3BB1BF}.Release|Any CPU.ActiveCfg = Release|Any CPU
		{0B1F8086-7756-4B18-90EE-B0657B3BB1BF}.Release|Any CPU.Build.0 = Release|Any CPU
		{CC2AB670-5D51-4795-9D49-9F428198F82B}.Debug|Any CPU.ActiveCfg = Debug|Any CPU
		{CC2AB670-5D51-4795-9D49-9F428198F82B}.Debug|Any CPU.Build.0 = Debug|Any CPU
		{CC2AB670-5D51-4795-9D49-9F428198F82B}.Release|Any CPU.ActiveCfg = Release|Any CPU
		{CC2AB670-5D51-4795-9D49-9F428198F82B}.Release|Any CPU.Build.0 = Release|Any CPU
	EndGlobalSection
	GlobalSection(SolutionProperties) = preSolution
		HideSolutionNode = FALSE
	EndGlobalSection
	GlobalSection(ExtensibilityGlobals) = postSolution
		SolutionGuid = {C9130164-3BE5-4FA0-B4C0-7B5DCBD5ED2E}
	EndGlobalSection
EndGlobal
